<?xml version="1.0" encoding="utf-8"?>
<Project ToolsVersion="4.0" xmlns="http://schemas.microsoft.com/developer/msbuild/2003">
  <ItemGroup>
    <Filter Include="Quelldateien">
      <UniqueIdentifier>{4FC737F1-C7A5-4376-A066-2A32D752A2FF}</UniqueIdentifier>
      <Extensions>cpp;c;cc;cxx;c++;cppm;ixx;def;odl;idl;hpj;bat;asm;asmx</Extensions>
    </Filter>
    <Filter Include="Headerdateien">
      <UniqueIdentifier>{93995380-89BD-4b04-88EB-625FBE52EBFB}</UniqueIdentifier>
      <Extensions>h;hh;hpp;hxx;h++;hm;inl;inc;ipp;xsd</Extensions>
    </Filter>
    <Filter Include="Ressourcendateien">
      <UniqueIdentifier>{67DA6AB6-F800-4c08-8B7A-83BB121AAD01}</UniqueIdentifier>
      <Extensions>rc;ico;cur;bmp;dlg;rc2;rct;bin;rgs;gif;jpg;jpeg;jpe;resx;tiff;tif;png;wav;mfcribbon-ms</Extensions>
    </Filter>
    <Filter Include="Quelldateien\Graphic_stuff">
      <UniqueIdentifier>{6151b33c-1aa4-4b30-b718-e26e10919536}</UniqueIdentifier>
    </Filter>
    <Filter Include="Quelldateien\AI_Lib">
      <UniqueIdentifier>{3c69693d-dc56-46a9-ac1c-c9405b597159}</UniqueIdentifier>
    </Filter>
    <Filter Include="Quelldateien\AI_Lib\Gen2">
      <UniqueIdentifier>{9c903253-7699-4674-b117-762750617921}</UniqueIdentifier>
    </Filter>
  </ItemGroup>
  <ItemGroup>
    <ClCompile Include="Main.cpp">
      <Filter>Quelldateien</Filter>
    </ClCompile>
    <ClCompile Include="MainLoop.cpp">
      <Filter>Quelldateien\Graphic_stuff</Filter>
    </ClCompile>
    <ClCompile Include="Drawing.cpp">
      <Filter>Quelldateien\Graphic_stuff</Filter>
    </ClCompile>
    <ClCompile Include="Events.cpp">
      <Filter>Quelldateien\Graphic_stuff</Filter>
    </ClCompile>
    <ClCompile Include="AIModule.cpp">
      <Filter>Quelldateien\Graphic_stuff</Filter>
    </ClCompile>
    <ClCompile Include="SimpleAI\AI_Instance.cpp">
      <Filter>Quelldateien\AI_Lib</Filter>
    </ClCompile>
    <ClCompile Include="NeuralNetwork.cpp">
      <Filter>Quelldateien\AI_Lib\Gen2</Filter>
    </ClCompile>
  </ItemGroup>
  <ItemGroup>
    <ClInclude Include="MainLoop.h">
      <Filter>Quelldateien\Graphic_stuff</Filter>
    </ClInclude>
    <ClInclude Include="Drawing.h">
      <Filter>Quelldateien\Graphic_stuff</Filter>
    </ClInclude>
    <ClInclude Include="Variables.h">
      <Filter>Quelldateien\Graphic_stuff</Filter>
    </ClInclude>
    <ClInclude Include="Events.h">
      <Filter>Quelldateien\Graphic_stuff</Filter>
    </ClInclude>
    <ClInclude Include="AIModule.h">
      <Filter>Quelldateien\Graphic_stuff</Filter>
    </ClInclude>
    <ClInclude Include="SimpleAI\AI_Instance.h">
      <Filter>Quelldateien\AI_Lib</Filter>
    </ClInclude>
    <ClInclude Include="SimpleAI\AI_Manager.h">
      <Filter>Quelldateien\AI_Lib</Filter>
    </ClInclude>
    <ClInclude Include="SimpleAI\AI_Utility.h">
      <Filter>Quelldateien\AI_Lib</Filter>
    </ClInclude>
    <ClInclude Include="SimpleAI\AI_Variables.h">
      <Filter>Quelldateien\AI_Lib</Filter>
    </ClInclude>
    <ClInclude Include="SimpleAI\Resource_Manager.h">
      <Filter>Quelldateien\AI_Lib</Filter>
    </ClInclude>
    <ClInclude Include="SimpleAI\SimpleAI.h">
      <Filter>Quelldateien\AI_Lib</Filter>
    </ClInclude>
    <ClInclude Include="AI_Trainer.hpp">
      <Filter>Quelldateien\AI_Lib</Filter>
    </ClInclude>
    <ClInclude Include="ErrorFunctions.hpp">
      <Filter>Quelldateien\AI_Lib\Gen2</Filter>
    </ClInclude>
    <ClInclude Include="NeuralNetwork.hpp">
      <Filter>Quelldateien\AI_Lib\Gen2</Filter>
    </ClInclude>
  </ItemGroup>
</Project>